
Microsoft Visual Studio Solution File, Format Version 12.00
# Visual Studio Version 16
VisualStudioVersion = 16.0.31129.286
MinimumVisualStudioVersion = 10.0.40219.1
Project("{FAE04EC0-301F-11D3-BF4B-00C04F79EFBC}") = "Net-Core-Identity-App", "Net-Core-Identity-App\Net-Core-Identity-App.csproj", "{B334E2BD-1BF1-4269-B4E9-FE331CCDF97A}"
EndProject
Global
	GlobalSection(SolutionConfigurationPlatforms) = preSolution
		Debug|Any CPU = Debug|Any CPU
		Release|Any CPU = Release|Any CPU
	EndGlobalSection
	GlobalSection(ProjectConfigurationPlatforms) = postSolution
		{B334E2BD-1BF1-4269-B4E9-FE331CCDF97A}.Debug|Any CPU.ActiveCfg = Debug|Any CPU
		{B334E2BD-1BF1-4269-B4E9-FE331CCDF97A}.Debug|Any CPU.Build.0 = Debug|Any CPU
		{B334E2BD-1BF1-4269-B4E9-FE331CCDF97A}.Release|Any CPU.ActiveCfg = Release|Any CPU
		{B334E2BD-1BF1-4269-B4E9-FE331CCDF97A}.Release|Any CPU.Build.0 = Release|Any CPU
	EndGlobalSection
	GlobalSection(SolutionProperties) = preSolution
		HideSolutionNode = FALSE
	EndGlobalSection
	GlobalSection(ExtensibilityGlobals) = postSolution
		SolutionGuid = {593E52B3-775A-49EC-A1FD-C31D194BA45B}
	EndGlobalSection
EndGlobal
